Microsoft Visual Studio Solution File, Format Version 12.00
# Visual Studio Version 17
VisualStudioVersion = 17.5.2.0
MinimumVisualStudioVersion = 10.0.40219.1
Project("{FAE04EC0-301F-11D3-BF4B-00C04F79EFBC}") = "DesafioReuniao", "DesafioReuniao\DesafioReuniao.csproj", "{12C2D2D6-B9A9-A089-06B7-543EF4B95554}"
EndProject
Global
	GlobalSection(SolutionConfigurationPlatforms) = preSolution
		Debug|Any CPU = Debug|Any CPU
		Release|Any CPU = Release|Any CPU
	EndGlobalSection
	GlobalSection(ProjectConfigurationPlatforms) = postSolution
		{12C2D2D6-B9A9-A089-06B7-543EF4B95554}.Debug|Any CPU.ActiveCfg = Debug|Any CPU
		{12C2D2D6-B9A9-A089-06B7-543EF4B95554}.Debug|Any CPU.Build.0 = Debug|Any CPU
		{12C2D2D6-B9A9-A089-06B7-543EF4B95554}.Release|Any CPU.ActiveCfg = Release|Any CPU
		{12C2D2D6-B9A9-A089-06B7-543EF4B95554}.Release|Any CPU.Build.0 = Release|Any CPU
	EndGlobalSection
	GlobalSection(SolutionProperties) = preSolution
		HideSolutionNode = FALSE
	EndGlobalSection
	GlobalSection(ExtensibilityGlobals) = postSolution
		SolutionGuid = {F7D6D479-1734-4771-AFFC-F9104A371F2E}
	EndGlobalSection
EndGlobal
